
Microsoft Visual Studio Solution File, Format Version 12.00
Project("{FAE04EC0-301F-11D3-BF4B-00C04F79EFBC}") = "meeplematch-api", "meeplematch-api\meeplematch-api.csproj", "{93ECF077-2038-49A7-A94F-A49D937D161C}"
EndProject
Global
	GlobalSection(SolutionConfigurationPlatforms) = preSolution
		Debug|Any CPU = Debug|Any CPU
		Release|Any CPU = Release|Any CPU
	EndGlobalSection
	GlobalSection(ProjectConfigurationPlatforms) = postSolution
		{93ECF077-2038-49A7-A94F-A49D937D161C}.Debug|Any CPU.ActiveCfg = Debug|Any CPU
		{93ECF077-2038-49A7-A94F-A49D937D161C}.Debug|Any CPU.Build.0 = Debug|Any CPU
		{93ECF077-2038-49A7-A94F-A49D937D161C}.Release|Any CPU.ActiveCfg = Release|Any CPU
		{93ECF077-2038-49A7-A94F-A49D937D161C}.Release|Any CPU.Build.0 = Release|Any CPU
	EndGlobalSection
EndGlobal
